
Microsoft Visual Studio Solution File, Format Version 12.00
# Visual Studio Version 16
VisualStudioVersion = 25.0.1706.14
MinimumVisualStudioVersion = 10.0.40219.1
Project("{FAE04EC0-301F-11D3-BF4B-00C04F79EFBC}") = "HR_Management_System", "HR_Management_System.csproj", "{EF8908A3-D6DC-4786-9AA9-CDEAAB7F4B08}"
EndProject
Global
	GlobalSection(SolutionConfigurationPlatforms) = preSolution
		Debug|Any CPU = Debug|Any CPU
		Release|Any CPU = Release|Any CPU
	EndGlobalSection
	GlobalSection(ProjectConfigurationPlatforms) = postSolution
		{EF8908A3-D6DC-4786-9AA9-CDEAAB7F4B08}.Debug|Any CPU.ActiveCfg = Debug|Any CPU
		{EF8908A3-D6DC-4786-9AA9-CDEAAB7F4B08}.Debug|Any CPU.Build.0 = Debug|Any CPU
		{EF8908A3-D6DC-4786-9AA9-CDEAAB7F4B08}.Release|Any CPU.ActiveCfg = Release|Any CPU
		{EF8908A3-D6DC-4786-9AA9-CDEAAB7F4B08}.Release|Any CPU.Build.0 = Release|Any CPU
	EndGlobalSection
	GlobalSection(SolutionProperties) = preSolution
		HideSolutionNode = FALSE
	EndGlobalSection
	GlobalSection(ExtensibilityGlobals) = postSolution
		SolutionGuid = {4E87D99F-ECED-4BE9-A005-AFB477133BB1}
	EndGlobalSection
EndGlobal
